github.com/cuteLittleDevil/go-jt808/protocol v1.12.0 h1:vwNZ7mcSpQt9VExjtjgBKzMqKdh8Ey6qOViFYgJOin8=
github.com/cuteLittleDevil/go-jt808/protocol v1.12.0/go.mod h1:8N/nkymtt1XHIbLQT8zmB77hKizg7wsTDnSSfEjcnMs=
github.com/cuteLittleDevil/go-jt808/service v1.6.0 h1:1tHLtQTkJ8SLbKo78giVOUHgLZr9Rm6uft8aJnVMw3o=
github.com/cuteLittleDevil/go-jt808/service v1.6.0/go.mod h1:8TLDKKltcrTYyQ/RUIHVpvhFHxJqIGrzaiVivrqKPA0=
github.com/cuteLittleDevil/go-jt808/shared v1.5.0 h1:iKlFsH5HvwUC//9tCq4GEDRUIvpmCfu/Li1oa6jNTYs=
github.com/cuteLittleDevil/go-jt808/shared v1.5.0/go.mod h1:BMWFmkDRLNjcXcuiPm/yphfWfZ6xNuTAJDkDDNhysOM=
github.com/google/uuid v1.6.0 h1:NIvaJDMOsjHA8n1jAhLSgzrAzy1Hgr+hNrb57e+94F0=
github.com/google/uuid v1.6.0/go.mod h1:TIyPZe4MgqvfeYDBFedMoGGpEw/LqOeaOT+nhxU+yHo=
github.com/klauspost/compress v1.17.2 h1:RlWWUY/Dr4fL8qk9YG7DTZ7PDgME2V4csBXA8L/ixi4=
github.com/klauspost/compress v1.17.2/go.mod h1:ntbaceVETuRiXiv4DpjP66DpAtAGkEQskQzEyD//IeE=
github.com/nats-io/nats.go v1.37.0 h1:07rauXbVnnJvv1gfIyghFEo6lUcYRY0WXc3x7x0vUxE=
github.com/nats-io/nats.go v1.37.0/go.mod h1:Ubdu4Nh9exXdSz0RVWRFBbRfrbSxOYd26oF0wkWclB8=
github.com/nats-io/nkeys v0.4.7 h1:RwNJbbIdYCoClSDNY7QVKZlyb/wfT6ugvFCiKy6vDvI=
github.com/nats-io/nkeys v0.4.7/go.mod h1:kqXRgRDPlGy7nGaEDMuYzmiJCIAAWDK0IMBtDmGD0nc=
github.com/nats-io/nuid v1.0.1 h1:5iA8DT8V7q8WK2EScv2padNa/rTESc1KdnPw4TC2paw=
github.com/nats-io/nuid v1.0.1/go.mod h1:19wcPz3Ph3q0Jbyiqsd0kePYG7A95tJPxeL+1OSON2c=
golang.org/x/crypto v0.35.0 h1:b15kiHdrGCHrP6LvwaQ3c03kgNhhiMgvlhxHQhmg2Xs=
golang.org/x/crypto v0.35.0/go.mod h1:dy7dXNW32cAb/6/PRuTNsix8T+vJAqvuIy5Bli/x0YQ=
golang.org/x/sys v0.30.0 h1:QjkSwP/36a20jFYWkSue1YwXzLmsV5Gfq7Eiy72C1uc=
golang.org/x/sys v0.30.0/go.mod h1:/VUhepiaJMQUp4+oa/7Zr1D23ma6VTLIYjOOTFZPUcA=
golang.org/x/text v0.22.0 h1:bofq7m3/HAFvbF51jz3Q9wLg3jkvSPuiZu/pD1XwgtM=
golang.org/x/text v0.22.0/go.mod h1:YRoo4H8PVmsu+E3Ou7cqLVH8oXWIHVoX0jqUWALQhfY=
