github.com/cuteLittleDevil/go-jt808/protocol v1.1.0 h1:DA0EV/D++eHKnic5LFwvxzU6/ZlYDup7q1jI3nM0DBQ=
github.com/cuteLittleDevil/go-jt808/protocol v1.1.0/go.mod h1:LEgUyC8x29ITq6H7ycpOpgaHjjdquzYyzUXgbN5kYkI=
github.com/cuteLittleDevil/go-jt808/shared v1.1.0 h1:1YkXZnBmu2i7MzKZEiTh0iB6QczbZx1v+6jd4kP0CQk=
github.com/cuteLittleDevil/go-jt808/shared v1.1.0/go.mod h1:BMWFmkDRLNjcXcuiPm/yphfWfZ6xNuTAJDkDDNhysOM=
golang.org/x/text v0.19.0 h1:kTxAhCbGbxhK0IwgSKiMO5awPoDQ0RpfiVYBfK860YM=
golang.org/x/text v0.19.0/go.mod h1:BuEKDfySbSR4drPmRPG/7iBdf8hvFMuRexcpahXilzY=
