github.com/cuteLittleDevil/go-jt808/protocol v1.9.1 h1:LvNKqZU0f4GKxKGCSWHSzzuRyb3wWRaqUwSLxe7aX30=
github.com/cuteLittleDevil/go-jt808/protocol v1.9.1/go.mod h1:j7NVeaiqO70TkuB/B11Z5aHJ6219QoTwW1c8q/gV3e8=
github.com/cuteLittleDevil/go-jt808/shared v1.4.0 h1:rsfoiBP3e8SerZKdrlBSqJru6O+O+B8TyLPx/IivHN0=
github.com/cuteLittleDevil/go-jt808/shared v1.4.0/go.mod h1:BMWFmkDRLNjcXcuiPm/yphfWfZ6xNuTAJDkDDNhysOM=
golang.org/x/text v0.20.0 h1:gK/Kv2otX8gz+wn7Rmb3vT96ZwuoxnQlY+HlJVj7Qug=
golang.org/x/text v0.20.0/go.mod h1:D4IsuqiFMhST5bX19pQ9ikHC2GsaKyk/oF+pn3ducp4=
