github.com/cuteLittleDevil/go-jt808/shared v1.3.0 h1:GbhXfv1UPjeZHBse4R00GNVF2kYCekmbZ18kR6TRNF8=
github.com/cuteLittleDevil/go-jt808/shared v1.3.0/go.mod h1:BMWFmkDRLNjcXcuiPm/yphfWfZ6xNuTAJDkDDNhysOM=
golang.org/x/text v0.20.0 h1:gK/Kv2otX8gz+wn7Rmb3vT96ZwuoxnQlY+HlJVj7Qug=
golang.org/x/text v0.20.0/go.mod h1:D4IsuqiFMhST5bX19pQ9ikHC2GsaKyk/oF+pn3ducp4=
