github.com/cuteLittleDevil/go-jt808/attachment v0.2.0 h1:pBfPqoz7aJ8ywO9Ja0VwM449fzADcJr1nZKZNTuZ4GE=
github.com/cuteLittleDevil/go-jt808/attachment v0.2.0/go.mod h1:j4ZXMYax2rG1VktJVdm9LwdlqJmeUSMG6PCx62LfcPI=
github.com/cuteLittleDevil/go-jt808/protocol v1.12.0 h1:vwNZ7mcSpQt9VExjtjgBKzMqKdh8Ey6qOViFYgJOin8=
github.com/cuteLittleDevil/go-jt808/protocol v1.12.0/go.mod h1:8N/nkymtt1XHIbLQT8zmB77hKizg7wsTDnSSfEjcnMs=
github.com/cuteLittleDevil/go-jt808/service v1.5.1 h1:cgDCooc+J20lyMSIxx8L0pegkGijSCqHC9v/hT5Qj8E=
github.com/cuteLittleDevil/go-jt808/service v1.5.1/go.mod h1:yZDZ+yOijINwQkfomZfPv0VztT1GBrGnJ1Ce99d/wjM=
github.com/cuteLittleDevil/go-jt808/shared v1.5.0 h1:iKlFsH5HvwUC//9tCq4GEDRUIvpmCfu/Li1oa6jNTYs=
github.com/cuteLittleDevil/go-jt808/shared v1.5.0/go.mod h1:BMWFmkDRLNjcXcuiPm/yphfWfZ6xNuTAJDkDDNhysOM=
github.com/cuteLittleDevil/go-jt808/terminal v1.0.1 h1:AryWZeVTjdmNAuarbaKUc+s6HyUk6mhN9Zh5zoD5XwU=
github.com/cuteLittleDevil/go-jt808/terminal v1.0.1/go.mod h1:aF+oSMGbn4bnIVNHspv+t934CdJ9Ypmx26X/fFd/MI4=
golang.org/x/text v0.21.0 h1:zyQAAkrwaneQ066sspRyJaG9VNi/YJ1NfzcGB3hZ/qo=
golang.org/x/text v0.21.0/go.mod h1:4IBbMaMmOPCJ8SecivzSH54+73PCFmPWxNTLm+vZkEQ=
