github.com/cuteLittleDevil/go-jt808/attachment v0.3.1 h1:kfwZvYlgCA6aBBWl5qNg1PxA3RJSAU2IKKJUV3ahXRo=
github.com/cuteLittleDevil/go-jt808/attachment v0.3.1/go.mod h1:EXTpynE8q+f7iw0hv4UOL/xyIf/ROGX3P+2GcvbQyvE=
github.com/cuteLittleDevil/go-jt808/protocol v1.14.0 h1:UPZgTLoAdgRbB8iFNP5vImyCsOr52kyDJZLbheYUPc0=
github.com/cuteLittleDevil/go-jt808/protocol v1.14.0/go.mod h1:5wF2o2JCjVVj/oAqkwvCzgu23UYMrnDO+PkhiS0/egs=
github.com/cuteLittleDevil/go-jt808/service v1.11.0 h1:+unxCBMitYRIpjka5FcIKSFjVNaFCeU5Ji1+C7TNiYo=
github.com/cuteLittleDevil/go-jt808/service v1.11.0/go.mod h1:sjfTZKpMMPa3FLgFn56j5DvLATy4hJ54FbgDkE82QXw=
github.com/cuteLittleDevil/go-jt808/shared v1.6.0 h1:aJ6a8f3AVS47p5Nja7+/kLRqhnRcv+j/7Jmd+SpnkQ4=
github.com/cuteLittleDevil/go-jt808/shared v1.6.0/go.mod h1:BMWFmkDRLNjcXcuiPm/yphfWfZ6xNuTAJDkDDNhysOM=
github.com/cuteLittleDevil/go-jt808/terminal v1.0.1 h1:AryWZeVTjdmNAuarbaKUc+s6HyUk6mhN9Zh5zoD5XwU=
github.com/cuteLittleDevil/go-jt808/terminal v1.0.1/go.mod h1:aF+oSMGbn4bnIVNHspv+t934CdJ9Ypmx26X/fFd/MI4=
golang.org/x/text v0.22.0 h1:bofq7m3/HAFvbF51jz3Q9wLg3jkvSPuiZu/pD1XwgtM=
golang.org/x/text v0.22.0/go.mod h1:YRoo4H8PVmsu+E3Ou7cqLVH8oXWIHVoX0jqUWALQhfY=
