github.com/cuteLittleDevil/go-jt808/protocol v1.17.0 h1:B5F4gMBxMdqPdPUzhKT8Dn7p2W81c4RV8ylKCHExLF0=
github.com/cuteLittleDevil/go-jt808/protocol v1.17.0/go.mod h1:5wF2o2JCjVVj/oAqkwvCzgu23UYMrnDO+PkhiS0/egs=
github.com/cuteLittleDevil/go-jt808/service v1.13.1 h1:703eLuR4gcl3d4wRW6HqXrzMsMfdmORfH+QDLSS3h+g=
github.com/cuteLittleDevil/go-jt808/service v1.13.1/go.mod h1:EGV/UDDu8r++5+C4QU/F9S+B05s/1Tn91zciYvcVUBw=
github.com/cuteLittleDevil/go-jt808/shared v1.6.0 h1:aJ6a8f3AVS47p5Nja7+/kLRqhnRcv+j/7Jmd+SpnkQ4=
github.com/cuteLittleDevil/go-jt808/shared v1.6.0/go.mod h1:BMWFmkDRLNjcXcuiPm/yphfWfZ6xNuTAJDkDDNhysOM=
github.com/cuteLittleDevil/go-jt808/terminal v1.3.0 h1:vo/AbRc7qX+vCdVyftM/47AgztwwTNt2FXlJTGrWCG0=
github.com/cuteLittleDevil/go-jt808/terminal v1.3.0/go.mod h1:1GbC4DcH6vTTINJo0q4/s/yq+aC3JwrR0yJjexGgPBU=
golang.org/x/text v0.28.0 h1:rhazDwis8INMIwQ4tpjLDzUhx6RlXqZNPEM0huQojng=
golang.org/x/text v0.28.0/go.mod h1:U8nCwOR8jO/marOQ0QbDiOngZVEBB7MAiitBuMjXiNU=
