github.com/cuteLittleDevil/go-jt808/protocol v1.8.0 h1:ydJSIybOou8hrV8KWGek+eSH6VVTbv0HNDPhX51Mm0o=
github.com/cuteLittleDevil/go-jt808/protocol v1.8.0/go.mod h1:5HLrrmIyIymWr6mi08u7S7ZLPbXxVSU3lWq6MqdxcUM=
github.com/cuteLittleDevil/go-jt808/service v1.0.0 h1:TcUhXyrtPNmqIpMt99q7tzukAVccnaWKM1O2Zt0NEis=
github.com/cuteLittleDevil/go-jt808/service v1.0.0/go.mod h1:1k/PYAsNf5a0O4mbFUqk2zD6rZBg9++AyyR/VBwyxTI=
github.com/cuteLittleDevil/go-jt808/shared v1.2.0 h1:cXrt8FoGG18G4scAyZND3rbdwUWQ1n4FLlozehXJml4=
github.com/cuteLittleDevil/go-jt808/shared v1.2.0/go.mod h1:BMWFmkDRLNjcXcuiPm/yphfWfZ6xNuTAJDkDDNhysOM=
golang.org/x/text v0.19.0 h1:kTxAhCbGbxhK0IwgSKiMO5awPoDQ0RpfiVYBfK860YM=
golang.org/x/text v0.19.0/go.mod h1:BuEKDfySbSR4drPmRPG/7iBdf8hvFMuRexcpahXilzY=
