github.com/cuteLittleDevil/go-jt808/attachment v0.2.0 h1:pBfPqoz7aJ8ywO9Ja0VwM449fzADcJr1nZKZNTuZ4GE=
github.com/cuteLittleDevil/go-jt808/attachment v0.2.0/go.mod h1:j4ZXMYax2rG1VktJVdm9LwdlqJmeUSMG6PCx62LfcPI=
github.com/cuteLittleDevil/go-jt808/protocol v1.13.0 h1:gWWTH+wYR8GYVtQWL+MHCfNHLZZrkIYs4MZ5uaxjTo8=
github.com/cuteLittleDevil/go-jt808/protocol v1.13.0/go.mod h1:5wF2o2JCjVVj/oAqkwvCzgu23UYMrnDO+PkhiS0/egs=
github.com/cuteLittleDevil/go-jt808/service v1.8.0 h1:DR/yDh3sbZ/9aJ3z44aiFEE6FwmgjlrErBLbuFApw7Q=
github.com/cuteLittleDevil/go-jt808/service v1.8.0/go.mod h1:1D0YHF/DmfCMelyWGBYDXVON0x50c82Zef59L/JWcIQ=
github.com/cuteLittleDevil/go-jt808/shared v1.6.0 h1:aJ6a8f3AVS47p5Nja7+/kLRqhnRcv+j/7Jmd+SpnkQ4=
github.com/cuteLittleDevil/go-jt808/shared v1.6.0/go.mod h1:BMWFmkDRLNjcXcuiPm/yphfWfZ6xNuTAJDkDDNhysOM=
golang.org/x/text v0.21.0 h1:zyQAAkrwaneQ066sspRyJaG9VNi/YJ1NfzcGB3hZ/qo=
golang.org/x/text v0.21.0/go.mod h1:4IBbMaMmOPCJ8SecivzSH54+73PCFmPWxNTLm+vZkEQ=
