github.com/cuteLittleDevil/go-jt808/protocol v1.14.0 h1:UPZgTLoAdgRbB8iFNP5vImyCsOr52kyDJZLbheYUPc0=
github.com/cuteLittleDevil/go-jt808/protocol v1.14.0/go.mod h1:5wF2o2JCjVVj/oAqkwvCzgu23UYMrnDO+PkhiS0/egs=
github.com/cuteLittleDevil/go-jt808/service v1.8.0 h1:DR/yDh3sbZ/9aJ3z44aiFEE6FwmgjlrErBLbuFApw7Q=
github.com/cuteLittleDevil/go-jt808/service v1.8.0/go.mod h1:1D0YHF/DmfCMelyWGBYDXVON0x50c82Zef59L/JWcIQ=
github.com/cuteLittleDevil/go-jt808/shared v1.6.0 h1:aJ6a8f3AVS47p5Nja7+/kLRqhnRcv+j/7Jmd+SpnkQ4=
github.com/cuteLittleDevil/go-jt808/shared v1.6.0/go.mod h1:BMWFmkDRLNjcXcuiPm/yphfWfZ6xNuTAJDkDDNhysOM=
github.com/cuteLittleDevil/go-jt808/terminal v1.2.0 h1:yEeRTJM/V/EiIct1BoRr4zifxRYEwEE1NmKEz0U6cME=
github.com/cuteLittleDevil/go-jt808/terminal v1.2.0/go.mod h1:1GbC4DcH6vTTINJo0q4/s/yq+aC3JwrR0yJjexGgPBU=
golang.org/x/text v0.21.0 h1:zyQAAkrwaneQ066sspRyJaG9VNi/YJ1NfzcGB3hZ/qo=
golang.org/x/text v0.21.0/go.mod h1:4IBbMaMmOPCJ8SecivzSH54+73PCFmPWxNTLm+vZkEQ=
