github.com/cuteLittleDevil/go-jt808/protocol v1.12.0 h1:vwNZ7mcSpQt9VExjtjgBKzMqKdh8Ey6qOViFYgJOin8=
github.com/cuteLittleDevil/go-jt808/protocol v1.12.0/go.mod h1:8N/nkymtt1XHIbLQT8zmB77hKizg7wsTDnSSfEjcnMs=
github.com/cuteLittleDevil/go-jt808/shared v1.5.0 h1:iKlFsH5HvwUC//9tCq4GEDRUIvpmCfu/Li1oa6jNTYs=
github.com/cuteLittleDevil/go-jt808/shared v1.5.0/go.mod h1:BMWFmkDRLNjcXcuiPm/yphfWfZ6xNuTAJDkDDNhysOM=
golang.org/x/text v0.21.0 h1:zyQAAkrwaneQ066sspRyJaG9VNi/YJ1NfzcGB3hZ/qo=
golang.org/x/text v0.21.0/go.mod h1:4IBbMaMmOPCJ8SecivzSH54+73PCFmPWxNTLm+vZkEQ=
